
Microsoft Visual Studio Solution File, Format Version 12.00
# Visual Studio Version 16
VisualStudioVersion = 16.0.30330.147
MinimumVisualStudioVersion = 10.0.40219.1
Project("{FAE04EC0-301F-11D3-BF4B-00C04F79EFBC}") = "SolutionUseGenerics", "SolutionUseGenerics.csproj", "{254CA778-97CC-47D1-B46D-6CCEB64AB6AD}"
EndProject
Global
	GlobalSection(SolutionConfigurationPlatforms) = preSolution
		Debug|Any CPU = Debug|Any CPU
		Release|Any CPU = Release|Any CPU
	EndGlobalSection
	GlobalSection(ProjectConfigurationPlatforms) = postSolution
		{254CA778-97CC-47D1-B46D-6CCEB64AB6AD}.Debug|Any CPU.ActiveCfg = Debug|Any CPU
		{254CA778-97CC-47D1-B46D-6CCEB64AB6AD}.Debug|Any CPU.Build.0 = Debug|Any CPU
		{254CA778-97CC-47D1-B46D-6CCEB64AB6AD}.Release|Any CPU.ActiveCfg = Release|Any CPU
		{254CA778-97CC-47D1-B46D-6CCEB64AB6AD}.Release|Any CPU.Build.0 = Release|Any CPU
	EndGlobalSection
	GlobalSection(SolutionProperties) = preSolution
		HideSolutionNode = FALSE
	EndGlobalSection
	GlobalSection(ExtensibilityGlobals) = postSolution
		SolutionGuid = {3092B7CE-DB82-4828-BBEB-A8AB430984BC}
	EndGlobalSection
EndGlobal
